
Microsoft Visual Studio Solution File, Format Version 12.00
# Visual Studio Version 17
VisualStudioVersion = 17.0.31612.314
MinimumVisualStudioVersion = 10.0.40219.1
Project("{9A19103F-16F7-4668-BE54-9A1E7A4F7556}") = "DotNetChatReactApp", "DotNetChatReactApp.csproj", "{6EBCA6AA-8AB3-443D-A0A5-014BC9D65EB2}"
EndProject
Global
	GlobalSection(SolutionConfigurationPlatforms) = preSolution
		Debug|Any CPU = Debug|Any CPU
		Release|Any CPU = Release|Any CPU
	EndGlobalSection
	GlobalSection(ProjectConfigurationPlatforms) = postSolution
		{6EBCA6AA-8AB3-443D-A0A5-014BC9D65EB2}.Debug|Any CPU.ActiveCfg = Debug|Any CPU
		{6EBCA6AA-8AB3-443D-A0A5-014BC9D65EB2}.Debug|Any CPU.Build.0 = Debug|Any CPU
		{6EBCA6AA-8AB3-443D-A0A5-014BC9D65EB2}.Release|Any CPU.ActiveCfg = Release|Any CPU
		{6EBCA6AA-8AB3-443D-A0A5-014BC9D65EB2}.Release|Any CPU.Build.0 = Release|Any CPU
	EndGlobalSection
	GlobalSection(SolutionProperties) = preSolution
		HideSolutionNode = FALSE
	EndGlobalSection
	GlobalSection(ExtensibilityGlobals) = postSolution
		SolutionGuid = {7C4C0A46-9BDD-49E2-A4AE-3E2928A4FC40}
	EndGlobalSection
EndGlobal
